
Microsoft Visual Studio Solution File, Format Version 12.00
# Visual Studio Version 17
VisualStudioVersion = 17.2.32526.322
MinimumVisualStudioVersion = 10.0.40219.1
Project("{9A19103F-16F7-4668-BE54-9A1E7A4F7556}") = "TickerSubscriptionDemo", "TickerSubscriptionDemo\TickerSubscriptionDemo.csproj", "{70D8B442-F304-4DE4-843B-588B5B5E9FCA}"
EndProject
Project("{FAE04EC0-301F-11D3-BF4B-00C04F79EFBC}") = "TickerSubscriptionDemo.Tests", "TickerSubscriptionDemo.Tests\TickerSubscriptionDemo.Tests.csproj", "{8A1CEE81-3750-4C87-98FA-04479E43167E}"
EndProject
Global
	GlobalSection(SolutionConfigurationPlatforms) = preSolution
		Debug|Any CPU = Debug|Any CPU
		Release|Any CPU = Release|Any CPU
	EndGlobalSection
	GlobalSection(ProjectConfigurationPlatforms) = postSolution
		{70D8B442-F304-4DE4-843B-588B5B5E9FCA}.Debug|Any CPU.ActiveCfg = Debug|Any CPU
		{70D8B442-F304-4DE4-843B-588B5B5E9FCA}.Debug|Any CPU.Build.0 = Debug|Any CPU
		{70D8B442-F304-4DE4-843B-588B5B5E9FCA}.Release|Any CPU.ActiveCfg = Release|Any CPU
		{70D8B442-F304-4DE4-843B-588B5B5E9FCA}.Release|Any CPU.Build.0 = Release|Any CPU
		{8A1CEE81-3750-4C87-98FA-04479E43167E}.Debug|Any CPU.ActiveCfg = Debug|Any CPU
		{8A1CEE81-3750-4C87-98FA-04479E43167E}.Debug|Any CPU.Build.0 = Debug|Any CPU
		{8A1CEE81-3750-4C87-98FA-04479E43167E}.Release|Any CPU.ActiveCfg = Release|Any CPU
		{8A1CEE81-3750-4C87-98FA-04479E43167E}.Release|Any CPU.Build.0 = Release|Any CPU
	EndGlobalSection
	GlobalSection(SolutionProperties) = preSolution
		HideSolutionNode = FALSE
	EndGlobalSection
	GlobalSection(ExtensibilityGlobals) = postSolution
		SolutionGuid = {448AAAFB-31C6-451E-A8DA-E770CD2EBD43}
	EndGlobalSection
EndGlobal
